
Microsoft Visual Studio Solution File, Format Version 12.00
# Visual Studio 15
VisualStudioVersion = 15.0.26430.14
MinimumVisualStudioVersion = 10.0.40219.1
Project("{FAE04EC0-301F-11D3-BF4B-00C04F79EFBC}") = "handlers.Dns.net", "handlers.Dns.net\handlers.Dns.net.csproj", "{A0639CC6-CC99-4B58-95C4-A134B9CCDDB5}"
EndProject
Global
	GlobalSection(SolutionConfigurationPlatforms) = preSolution
		Debug|Any CPU = Debug|Any CPU
		Release|Any CPU = Release|Any CPU
	EndGlobalSection
	GlobalSection(ProjectConfigurationPlatforms) = postSolution
		{A0639CC6-CC99-4B58-95C4-A134B9CCDDB5}.Debug|Any CPU.ActiveCfg = Debug|Any CPU
		{A0639CC6-CC99-4B58-95C4-A134B9CCDDB5}.Debug|Any CPU.Build.0 = Debug|Any CPU
		{A0639CC6-CC99-4B58-95C4-A134B9CCDDB5}.Release|Any CPU.ActiveCfg = Release|Any CPU
		{A0639CC6-CC99-4B58-95C4-A134B9CCDDB5}.Release|Any CPU.Build.0 = Release|Any CPU
	EndGlobalSection
	GlobalSection(SolutionProperties) = preSolution
		HideSolutionNode = FALSE
	EndGlobalSection
EndGlobal
